// !$*UTF8*$!
{
	archiveVersion = 1;
	classes = {
	};
	objectVersion = 45;
	objects = {

/* Begin PBXBuildFile section */
		0B982EFC18270D6600D4FD76 /* Foundation.framework in Frameworks */ = {isa = PBXBuildFile; fileRef = 0B982EFB18270D6600D4FD76 /* Foundation.framework */; };
		0B982EFE18270D7200D4FD76 /* QuartzCore.framework in Frameworks */ = {isa = PBXBuildFile; fileRef = 0B982EFD18270D7200D4FD76 /* QuartzCore.framework */; };
		0B982F0018270D7A00D4FD76 /* CoreGraphics.framework in Frameworks */ = {isa = PBXBuildFile; fileRef = 0B982EFF18270D7A00D4FD76 /* CoreGraphics.framework */; };
		0B982F0118270D9400D4FD76 /* SVG.m in Sources */ = {isa = PBXBuildFile; fileRef = 8B3F49F31090FDE60009B6BB /* SVG.m */; };
		0B982F0318270D9700D4FD76 /* SVGElement.m in Sources */ = {isa = PBXBuildFile; fileRef = 9AB137D31091A34B00ACE350 /* SVGElement.m */; };
		0B982F0518270D9C00D4FD76 /* SVGView.m in Sources */ = {isa = PBXBuildFile; fileRef = 8B3F486B1090E3370009B6BB /* SVGView.m */; };
		0B982F0818270DB500D4FD76 /* SVGDocument.m in Sources */ = {isa = PBXBuildFile; fileRef = 9AB138041091A5ED00ACE350 /* SVGDocument.m */; };
		0B982F0A18270DB900D4FD76 /* SVGGroup.m in Sources */ = {isa = PBXBuildFile; fileRef = 8B3F48ED1090EF340009B6BB /* SVGGroup.m */; };
		0B982F0C18270DBD00D4FD76 /* SVGPath.m in Sources */ = {isa = PBXBuildFile; fileRef = 8B3F49481090F37C0009B6BB /* SVGPath.m */; };
		0B982F1418270DD100D4FD76 /* SVGPolygon.m in Sources */ = {isa = PBXBuildFile; fileRef = 0B982F0F18270DD100D4FD76 /* SVGPolygon.m */; };
		0B982F1618270DD100D4FD76 /* SVGRect.m in Sources */ = {isa = PBXBuildFile; fileRef = 0B982F1118270DD100D4FD76 /* SVGRect.m */; };
		0B982F2618272EA800D4FD76 /* XCTest.framework in Frameworks */ = {isa = PBXBuildFile; fileRef = 0B982F2518272EA800D4FD76 /* XCTest.framework */; };
		0B982F2818272EA800D4FD76 /* Foundation.framework in Frameworks */ = {isa = PBXBuildFile; fileRef = 0B982F2718272EA800D4FD76 /* Foundation.framework */; };
		0B982F2A18272EA800D4FD76 /* UIKit.framework in Frameworks */ = {isa = PBXBuildFile; fileRef = 0B982F2918272EA800D4FD76 /* UIKit.framework */; };
		0B982F3018272EA800D4FD76 /* InfoPlist.strings in Resources */ = {isa = PBXBuildFile; fileRef = 0B982F2E18272EA800D4FD76 /* InfoPlist.strings */; };
		0B982F3218272EA800D4FD76 /* SVGiOS_Tests.m in Sources */ = {isa = PBXBuildFile; fileRef = 0B982F3118272EA800D4FD76 /* SVGiOS_Tests.m */; };
		0B982F3A182731F400D4FD76 /* TwitterBird.svg in Resources */ = {isa = PBXBuildFile; fileRef = 0B982F39182731F400D4FD76 /* TwitterBird.svg */; };
		0B982F3B1827364000D4FD76 /* SVG.m in Sources */ = {isa = PBXBuildFile; fileRef = 8B3F49F31090FDE60009B6BB /* SVG.m */; };
		0B982F3C1827364700D4FD76 /* SVGElement.m in Sources */ = {isa = PBXBuildFile; fileRef = 9AB137D31091A34B00ACE350 /* SVGElement.m */; };
		0B982F3D1827364700D4FD76 /* SVGView.m in Sources */ = {isa = PBXBuildFile; fileRef = 8B3F486B1090E3370009B6BB /* SVGView.m */; };
		0B982F3E1827364700D4FD76 /* SVGDocument.m in Sources */ = {isa = PBXBuildFile; fileRef = 9AB138041091A5ED00ACE350 /* SVGDocument.m */; };
		0B982F3F1827364700D4FD76 /* SVGGroup.m in Sources */ = {isa = PBXBuildFile; fileRef = 8B3F48ED1090EF340009B6BB /* SVGGroup.m */; };
		0B982F401827364700D4FD76 /* SVGPath.m in Sources */ = {isa = PBXBuildFile; fileRef = 8B3F49481090F37C0009B6BB /* SVGPath.m */; };
		0B982F411827364700D4FD76 /* SVGPolygon.m in Sources */ = {isa = PBXBuildFile; fileRef = 0B982F0F18270DD100D4FD76 /* SVGPolygon.m */; };
		0B982F421827364700D4FD76 /* SVGRect.m in Sources */ = {isa = PBXBuildFile; fileRef = 0B982F1118270DD100D4FD76 /* SVGRect.m */; };
		0B982F431827365F00D4FD76 /* CoreGraphics.framework in Frameworks */ = {isa = PBXBuildFile; fileRef = 0B982EFF18270D7A00D4FD76 /* CoreGraphics.framework */; };
		0B982F441827366300D4FD76 /* QuartzCore.framework in Frameworks */ = {isa = PBXBuildFile; fileRef = 0B982EFD18270D7200D4FD76 /* QuartzCore.framework */; };
		0B982F451827366900D4FD76 /* Foundation.framework in Frameworks */ = {isa = PBXBuildFile; fileRef = 0B982EFB18270D6600D4FD76 /* Foundation.framework */; };
/* End PBXBuildFile section */

/* Begin PBXContainerItemProxy section */
		0B982F3418272EA800D4FD76 /* PBXContainerItemProxy */ = {
			isa = PBXContainerItemProxy;
			containerPortal = 2A37F4A9FDCFA73011CA2CEA /* Project object */;
			proxyType = 1;
			remoteGlobalIDString = 0B982ED518270D0700D4FD76;
			remoteInfo = SVGiOS;
		};
/* End PBXContainerItemProxy section */

/* Begin PBXCopyFilesBuildPhase section */
		0B982ED418270D0700D4FD76 /* CopyFiles */ = {
			isa = PBXCopyFilesBuildPhase;
			buildActionMask = 2147483647;
			dstPath = "include/$(PRODUCT_NAME)";
			dstSubfolderSpec = 16;
			files = (
			);
			runOnlyForDeploymentPostprocessing = 0;
		};
/* End PBXCopyFilesBuildPhase section */

/* Begin PBXFileReference section */
		089C1660FE840EACC02AAC07 /* English */ = {isa = PBXFileReference; fileEncoding = 4; lastKnownFileType = text.plist.strings; name = English; path = English.lproj/InfoPlist.strings; sourceTree = "<group>"; };
		0B982ED618270D0700D4FD76 /* libSVGiOS.a */ = {isa = PBXFileReference; explicitFileType = archive.ar; includeInIndex = 0; path = libSVGiOS.a; sourceTree = BUILT_PRODUCTS_DIR; };
		0B982EDB18270D0700D4FD76 /* SVGiOS-Prefix.pch */ = {isa = PBXFileReference; lastKnownFileType = sourcecode.c.h; name = "SVGiOS-Prefix.pch"; path = "SVGiOS/SVGiOS-Prefix.pch"; sourceTree = "<group>"; };
		0B982EFB18270D6600D4FD76 /* Foundation.framework */ = {isa = PBXFileReference; lastKnownFileType = wrapper.framework; name = Foundation.framework; path = Platforms/iPhoneOS.platform/Developer/SDKs/iPhoneOS7.0.sdk/System/Library/Frameworks/Foundation.framework; sourceTree = DEVELOPER_DIR; };
		0B982EFD18270D7200D4FD76 /* QuartzCore.framework */ = {isa = PBXFileReference; lastKnownFileType = wrapper.framework; name = QuartzCore.framework; path = Platforms/iPhoneOS.platform/Developer/SDKs/iPhoneOS7.0.sdk/System/Library/Frameworks/QuartzCore.framework; sourceTree = DEVELOPER_DIR; };
		0B982EFF18270D7A00D4FD76 /* CoreGraphics.framework */ = {isa = PBXFileReference; lastKnownFileType = wrapper.framework; name = CoreGraphics.framework; path = Platforms/iPhoneOS.platform/Developer/SDKs/iPhoneOS7.0.sdk/System/Library/Frameworks/CoreGraphics.framework; sourceTree = DEVELOPER_DIR; };
		0B982F0718270DAC00D4FD76 /* SVGContainerProtocol.h */ = {isa = PBXFileReference; fileEncoding = 4; lastKnownFileType = sourcecode.c.h; path = SVGContainerProtocol.h; sourceTree = "<group>"; };
		0B982F0E18270DD100D4FD76 /* SVGPolygon.h */ = {isa = PBXFileReference; fileEncoding = 4; lastKnownFileType = sourcecode.c.h; path = SVGPolygon.h; sourceTree = "<group>"; };
		0B982F0F18270DD100D4FD76 /* SVGPolygon.m */ = {isa = PBXFileReference; fileEncoding = 4; lastKnownFileType = sourcecode.c.objc; path = SVGPolygon.m; sourceTree = "<group>"; };
		0B982F1018270DD100D4FD76 /* SVGRect.h */ = {isa = PBXFileReference; fileEncoding = 4; lastKnownFileType = sourcecode.c.h; path = SVGRect.h; sourceTree = "<group>"; };
		0B982F1118270DD100D4FD76 /* SVGRect.m */ = {isa = PBXFileReference; fileEncoding = 4; lastKnownFileType = sourcecode.c.objc; path = SVGRect.m; sourceTree = "<group>"; };
		0B982F1C1827269000D4FD76 /* README.markdown */ = {isa = PBXFileReference; lastKnownFileType = text; path = README.markdown; sourceTree = "<group>"; };
		0B982F1D18272DC900D4FD76 /* XCTest.framework */ = {isa = PBXFileReference; lastKnownFileType = wrapper.framework; name = XCTest.framework; path = Library/Frameworks/XCTest.framework; sourceTree = DEVELOPER_DIR; };
		0B982F2418272EA800D4FD76 /* SVGiOS Tests.xctest */ = {isa = PBXFileReference; explicitFileType = wrapper.cfbundle; includeInIndex = 0; path = "SVGiOS Tests.xctest"; sourceTree = BUILT_PRODUCTS_DIR; };
		0B982F2518272EA800D4FD76 /* XCTest.framework */ = {isa = PBXFileReference; lastKnownFileType = wrapper.framework; name = XCTest.framework; path = Library/Frameworks/XCTest.framework; sourceTree = DEVELOPER_DIR; };
		0B982F2718272EA800D4FD76 /* Foundation.framework */ = {isa = PBXFileReference; lastKnownFileType = wrapper.framework; name = Foundation.framework; path = Library/Frameworks/Foundation.framework; sourceTree = DEVELOPER_DIR; };
		0B982F2918272EA800D4FD76 /* UIKit.framework */ = {isa = PBXFileReference; lastKnownFileType = wrapper.framework; name = UIKit.framework; path = Library/Frameworks/UIKit.framework; sourceTree = DEVELOPER_DIR; };
		0B982F2D18272EA800D4FD76 /* SVGiOS Tests-Info.plist */ = {isa = PBXFileReference; lastKnownFileType = text.plist.xml; path = "SVGiOS Tests-Info.plist"; sourceTree = "<group>"; };
		0B982F2F18272EA800D4FD76 /* en */ = {isa = PBXFileReference; lastKnownFileType = text.plist.strings; name = en; path = en.lproj/InfoPlist.strings; sourceTree = "<group>"; };
		0B982F3118272EA800D4FD76 /* SVGiOS_Tests.m */ = {isa = PBXFileReference; lastKnownFileType = sourcecode.c.objc; path = SVGiOS_Tests.m; sourceTree = "<group>"; };
		0B982F3318272EA800D4FD76 /* SVGiOS Tests-Prefix.pch */ = {isa = PBXFileReference; lastKnownFileType = sourcecode.c.h; path = "SVGiOS Tests-Prefix.pch"; sourceTree = "<group>"; };
		0B982F39182731F400D4FD76 /* TwitterBird.svg */ = {isa = PBXFileReference; fileEncoding = 4; lastKnownFileType = text; path = TwitterBird.svg; sourceTree = "<group>"; };
		2A37F4BAFDCFA73011CA2CEA /* English */ = {isa = PBXFileReference; lastKnownFileType = text.rtf; name = English; path = English.lproj/Credits.rtf; sourceTree = "<group>"; };
		8B3F486A1090E3370009B6BB /* SVGView.h */ = {isa = PBXFileReference; fileEncoding = 4; lastKnownFileType = sourcecode.c.h; path = SVGView.h; sourceTree = "<group>"; };
		8B3F486B1090E3370009B6BB /* SVGView.m */ = {isa = PBXFileReference; fileEncoding = 4; lastKnownFileType = sourcecode.c.objc; path = SVGView.m; sourceTree = "<group>"; };
		8B3F48EC1090EF340009B6BB /* SVGGroup.h */ = {isa = PBXFileReference; fileEncoding = 4; lastKnownFileType = sourcecode.c.h; path = SVGGroup.h; sourceTree = "<group>"; };
		8B3F48ED1090EF340009B6BB /* SVGGroup.m */ = {isa = PBXFileReference; fileEncoding = 4; lastKnownFileType = sourcecode.c.objc; path = SVGGroup.m; sourceTree = "<group>"; };
		8B3F48F51090EF990009B6BB /* SVGElement.h */ = {isa = PBXFileReference; fileEncoding = 4; lastKnownFileType = sourcecode.c.h; path = SVGElement.h; sourceTree = "<group>"; };
		8B3F49471090F37C0009B6BB /* SVGPath.h */ = {isa = PBXFileReference; fileEncoding = 4; lastKnownFileType = sourcecode.c.h; path = SVGPath.h; sourceTree = "<group>"; };
		8B3F49481090F37C0009B6BB /* SVGPath.m */ = {isa = PBXFileReference; fileEncoding = 4; lastKnownFileType = sourcecode.c.objc; path = SVGPath.m; sourceTree = "<group>"; };
		8B3F494E1090F3F00009B6BB /* SVG.h */ = {isa = PBXFileReference; fileEncoding = 4; lastKnownFileType = sourcecode.c.h; path = SVG.h; sourceTree = "<group>"; };
		8B3F49F31090FDE60009B6BB /* SVG.m */ = {isa = PBXFileReference; fileEncoding = 4; lastKnownFileType = sourcecode.c.objc; path = SVG.m; sourceTree = "<group>"; };
		8D15AC360486D014006FF6A4 /* SVGDrawer-Info.plist */ = {isa = PBXFileReference; fileEncoding = 4; lastKnownFileType = text.plist.xml; path = "SVGDrawer-Info.plist"; sourceTree = "<group>"; };
		9AB137D31091A34B00ACE350 /* SVGElement.m */ = {isa = PBXFileReference; fileEncoding = 4; lastKnownFileType = sourcecode.c.objc; path = SVGElement.m; sourceTree = "<group>"; };
		9AB138031091A5ED00ACE350 /* SVGDocument.h */ = {isa = PBXFileReference; fileEncoding = 4; lastKnownFileType = sourcecode.c.h; path = SVGDocument.h; sourceTree = "<group>"; };
		9AB138041091A5ED00ACE350 /* SVGDocument.m */ = {isa = PBXFileReference; fileEncoding = 4; lastKnownFileType = sourcecode.c.objc; path = SVGDocument.m; sourceTree = "<group>"; };
/* End PBXFileReference section */

/* Begin PBXFrameworksBuildPhase section */
		0B982ED318270D0700D4FD76 /* Frameworks */ = {
			isa = PBXFrameworksBuildPhase;
			buildActionMask = 2147483647;
			files = (
				0B982F0018270D7A00D4FD76 /* CoreGraphics.framework in Frameworks */,
				0B982EFE18270D7200D4FD76 /* QuartzCore.framework in Frameworks */,
				0B982EFC18270D6600D4FD76 /* Foundation.framework in Frameworks */,
			);
			runOnlyForDeploymentPostprocessing = 0;
		};
		0B982F2118272EA800D4FD76 /* Frameworks */ = {
			isa = PBXFrameworksBuildPhase;
			buildActionMask = 2147483647;
			files = (
				0B982F441827366300D4FD76 /* QuartzCore.framework in Frameworks */,
				0B982F451827366900D4FD76 /* Foundation.framework in Frameworks */,
				0B982F431827365F00D4FD76 /* CoreGraphics.framework in Frameworks */,
				0B982F2618272EA800D4FD76 /* XCTest.framework in Frameworks */,
				0B982F2A18272EA800D4FD76 /* UIKit.framework in Frameworks */,
				0B982F2818272EA800D4FD76 /* Foundation.framework in Frameworks */,
			);
			runOnlyForDeploymentPostprocessing = 0;
		};
/* End PBXFrameworksBuildPhase section */

/* Begin PBXGroup section */
		0B982F2B18272EA800D4FD76 /* SVGiOS Tests */ = {
			isa = PBXGroup;
			children = (
				0B982F3118272EA800D4FD76 /* SVGiOS_Tests.m */,
				0B982F2C18272EA800D4FD76 /* Supporting Files */,
				0B982F39182731F400D4FD76 /* TwitterBird.svg */,
			);
			path = "SVGiOS Tests";
			sourceTree = "<group>";
		};
		0B982F2C18272EA800D4FD76 /* Supporting Files */ = {
			isa = PBXGroup;
			children = (
				0B982F2D18272EA800D4FD76 /* SVGiOS Tests-Info.plist */,
				0B982F2E18272EA800D4FD76 /* InfoPlist.strings */,
				0B982F3318272EA800D4FD76 /* SVGiOS Tests-Prefix.pch */,
			);
			name = "Supporting Files";
			sourceTree = "<group>";
		};
		1058C7A6FEA54F5311CA2CBB /* Linked Frameworks */ = {
			isa = PBXGroup;
			children = (
				0B982F1D18272DC900D4FD76 /* XCTest.framework */,
				0B982EFF18270D7A00D4FD76 /* CoreGraphics.framework */,
				0B982EFD18270D7200D4FD76 /* QuartzCore.framework */,
				0B982EFB18270D6600D4FD76 /* Foundation.framework */,
			);
			name = "Linked Frameworks";
			sourceTree = "<group>";
		};
		19C28FB0FE9D524F11CA2CBB /* Products */ = {
			isa = PBXGroup;
			children = (
				0B982ED618270D0700D4FD76 /* libSVGiOS.a */,
				0B982F2418272EA800D4FD76 /* SVGiOS Tests.xctest */,
			);
			name = Products;
			sourceTree = "<group>";
		};
		2A37F4AAFDCFA73011CA2CEA /* SVGDrawer */ = {
			isa = PBXGroup;
			children = (
				8B3F494B1090F3860009B6BB /* CKSVG */,
				2A37F4AFFDCFA73011CA2CEA /* Other Sources */,
				2A37F4B8FDCFA73011CA2CEA /* Resources */,
				0B982F2B18272EA800D4FD76 /* SVGiOS Tests */,
				2A37F4C3FDCFA73011CA2CEA /* Frameworks */,
				19C28FB0FE9D524F11CA2CBB /* Products */,
			);
			name = SVGDrawer;
			sourceTree = "<group>";
		};
		2A37F4AFFDCFA73011CA2CEA /* Other Sources */ = {
			isa = PBXGroup;
			children = (
				0B982EDB18270D0700D4FD76 /* SVGiOS-Prefix.pch */,
			);
			name = "Other Sources";
			sourceTree = "<group>";
		};
		2A37F4B8FDCFA73011CA2CEA /* Resources */ = {
			isa = PBXGroup;
			children = (
				0B982F1C1827269000D4FD76 /* README.markdown */,
				2A37F4B9FDCFA73011CA2CEA /* Credits.rtf */,
				8D15AC360486D014006FF6A4 /* SVGDrawer-Info.plist */,
				089C165FFE840EACC02AAC07 /* InfoPlist.strings */,
			);
			name = Resources;
			sourceTree = "<group>";
		};
		2A37F4C3FDCFA73011CA2CEA /* Frameworks */ = {
			isa = PBXGroup;
			children = (
				1058C7A6FEA54F5311CA2CBB /* Linked Frameworks */,
				0B982F2518272EA800D4FD76 /* XCTest.framework */,
				0B982F2718272EA800D4FD76 /* Foundation.framework */,
				0B982F2918272EA800D4FD76 /* UIKit.framework */,
			);
			name = Frameworks;
			sourceTree = "<group>";
		};
		8B3F494B1090F3860009B6BB /* CKSVG */ = {
			isa = PBXGroup;
			children = (
				8B3F494E1090F3F00009B6BB /* SVG.h */,
				8B3F49F31090FDE60009B6BB /* SVG.m */,
				0B982F0718270DAC00D4FD76 /* SVGContainerProtocol.h */,
				8B3F48F51090EF990009B6BB /* SVGElement.h */,
				9AB137D31091A34B00ACE350 /* SVGElement.m */,
				8B3F486A1090E3370009B6BB /* SVGView.h */,
				8B3F486B1090E3370009B6BB /* SVGView.m */,
				9AB138031091A5ED00ACE350 /* SVGDocument.h */,
				9AB138041091A5ED00ACE350 /* SVGDocument.m */,
				8B3F48EC1090EF340009B6BB /* SVGGroup.h */,
				8B3F48ED1090EF340009B6BB /* SVGGroup.m */,
				8B3F49471090F37C0009B6BB /* SVGPath.h */,
				8B3F49481090F37C0009B6BB /* SVGPath.m */,
				0B982F0E18270DD100D4FD76 /* SVGPolygon.h */,
				0B982F0F18270DD100D4FD76 /* SVGPolygon.m */,
				0B982F1018270DD100D4FD76 /* SVGRect.h */,
				0B982F1118270DD100D4FD76 /* SVGRect.m */,
			);
			path = CKSVG;
			sourceTree = "<group>";
		};
/* End PBXGroup section */

/* Begin PBXNativeTarget section */
		0B982ED518270D0700D4FD76 /* SVGiOS */ = {
			isa = PBXNativeTarget;
			buildConfigurationList = 0B982EF518270D0700D4FD76 /* Build configuration list for PBXNativeTarget "SVGiOS" */;
			buildPhases = (
				0B982ED218270D0700D4FD76 /* Sources */,
				0B982ED318270D0700D4FD76 /* Frameworks */,
				0B982ED418270D0700D4FD76 /* CopyFiles */,
			);
			buildRules = (
			);
			dependencies = (
			);
			name = SVGiOS;
			productName = SVGiOS;
			productReference = 0B982ED618270D0700D4FD76 /* libSVGiOS.a */;
			productType = "com.apple.product-type.library.static";
		};
		0B982F2318272EA800D4FD76 /* SVGiOS Tests */ = {
			isa = PBXNativeTarget;
			buildConfigurationList = 0B982F3618272EA800D4FD76 /* Build configuration list for PBXNativeTarget "SVGiOS Tests" */;
			buildPhases = (
				0B982F2018272EA800D4FD76 /* Sources */,
				0B982F2118272EA800D4FD76 /* Frameworks */,
				0B982F2218272EA800D4FD76 /* Resources */,
			);
			buildRules = (
			);
			dependencies = (
				0B982F3518272EA800D4FD76 /* PBXTargetDependency */,
			);
			name = "SVGiOS Tests";
			productName = "SVGiOS Tests";
			productReference = 0B982F2418272EA800D4FD76 /* SVGiOS Tests.xctest */;
			productType = "com.apple.product-type.bundle.unit-test";
		};
/* End PBXNativeTarget section */

/* Begin PBXProject section */
		2A37F4A9FDCFA73011CA2CEA /* Project object */ = {
			isa = PBXProject;
			attributes = {
				TargetAttributes = {
					0B982F2318272EA800D4FD76 = {
						TestTargetID = 0B982ED518270D0700D4FD76;
					};
				};
			};
			buildConfigurationList = C05733CB08A9546B00998B17 /* Build configuration list for PBXProject "SVGiOS" */;
			compatibilityVersion = "Xcode 3.1";
			developmentRegion = English;
			hasScannedForEncodings = 1;
			knownRegions = (
				English,
				Japanese,
				French,
				German,
				en,
			);
			mainGroup = 2A37F4AAFDCFA73011CA2CEA /* SVGDrawer */;
			projectDirPath = "";
			projectRoot = "";
			targets = (
				0B982ED518270D0700D4FD76 /* SVGiOS */,
				0B982F2318272EA800D4FD76 /* SVGiOS Tests */,
			);
		};
/* End PBXProject section */

/* Begin PBXResourcesBuildPhase section */
		0B982F2218272EA800D4FD76 /* Resources */ = {
			isa = PBXResourcesBuildPhase;
			buildActionMask = 2147483647;
			files = (
				0B982F3018272EA800D4FD76 /* InfoPlist.strings in Resources */,
				0B982F3A182731F400D4FD76 /* TwitterBird.svg in Resources */,
			);
			runOnlyForDeploymentPostprocessing = 0;
		};
/* End PBXResourcesBuildPhase section */

/* Begin PBXSourcesBuildPhase section */
		0B982ED218270D0700D4FD76 /* Sources */ = {
			isa = PBXSourcesBuildPhase;
			buildActionMask = 2147483647;
			files = (
				0B982F0118270D9400D4FD76 /* SVG.m in Sources */,
				0B982F0C18270DBD00D4FD76 /* SVGPath.m in Sources */,
				0B982F0A18270DB900D4FD76 /* SVGGroup.m in Sources */,
				0B982F0818270DB500D4FD76 /* SVGDocument.m in Sources */,
				0B982F0318270D9700D4FD76 /* SVGElement.m in Sources */,
				0B982F1618270DD100D4FD76 /* SVGRect.m in Sources */,
				0B982F0518270D9C00D4FD76 /* SVGView.m in Sources */,
				0B982F1418270DD100D4FD76 /* SVGPolygon.m in Sources */,
			);
			runOnlyForDeploymentPostprocessing = 0;
		};
		0B982F2018272EA800D4FD76 /* Sources */ = {
			isa = PBXSourcesBuildPhase;
			buildActionMask = 2147483647;
			files = (
				0B982F3B1827364000D4FD76 /* SVG.m in Sources */,
				0B982F3218272EA800D4FD76 /* SVGiOS_Tests.m in Sources */,
				0B982F401827364700D4FD76 /* SVGPath.m in Sources */,
				0B982F3F1827364700D4FD76 /* SVGGroup.m in Sources */,
				0B982F3E1827364700D4FD76 /* SVGDocument.m in Sources */,
				0B982F3C1827364700D4FD76 /* SVGElement.m in Sources */,
				0B982F421827364700D4FD76 /* SVGRect.m in Sources */,
				0B982F3D1827364700D4FD76 /* SVGView.m in Sources */,
				0B982F411827364700D4FD76 /* SVGPolygon.m in Sources */,
			);
			runOnlyForDeploymentPostprocessing = 0;
		};
/* End PBXSourcesBuildPhase section */

/* Begin PBXTargetDependency section */
		0B982F3518272EA800D4FD76 /* PBXTargetDependency */ = {
			isa = PBXTargetDependency;
			target = 0B982ED518270D0700D4FD76 /* SVGiOS */;
			targetProxy = 0B982F3418272EA800D4FD76 /* PBXContainerItemProxy */;
		};
/* End PBXTargetDependency section */

/* Begin PBXVariantGroup section */
		089C165FFE840EACC02AAC07 /* InfoPlist.strings */ = {
			isa = PBXVariantGroup;
			children = (
				089C1660FE840EACC02AAC07 /* English */,
			);
			name = InfoPlist.strings;
			sourceTree = "<group>";
		};
		0B982F2E18272EA800D4FD76 /* InfoPlist.strings */ = {
			isa = PBXVariantGroup;
			children = (
				0B982F2F18272EA800D4FD76 /* en */,
			);
			name = InfoPlist.strings;
			sourceTree = "<group>";
		};
		2A37F4B9FDCFA73011CA2CEA /* Credits.rtf */ = {
			isa = PBXVariantGroup;
			children = (
				2A37F4BAFDCFA73011CA2CEA /* English */,
			);
			name = Credits.rtf;
			sourceTree = "<group>";
		};
/* End PBXVariantGroup section */

/* Begin XCBuildConfiguration section */
		0B982EF618270D0700D4FD76 /* Debug */ = {
			isa = XCBuildConfiguration;
			buildSettings = {
				ALWAYS_SEARCH_USER_PATHS = NO;
				ARCHS = "$(ARCHS_STANDARD_INCLUDING_64_BIT)";
				CLANG_CXX_LANGUAGE_STANDARD = "gnu++0x";
				CLANG_CXX_LIBRARY = "libc++";
				CLANG_ENABLE_MODULES = YES;
				CLANG_ENABLE_OBJC_ARC = YES;
				CLANG_WARN_BOOL_CONVERSION = YES;
				CLANG_WARN_CONSTANT_CONVERSION = YES;
				CLANG_WARN_DIRECT_OBJC_ISA_USAGE = YES_ERROR;
				CLANG_WARN_EMPTY_BODY = YES;
				CLANG_WARN_ENUM_CONVERSION = YES;
				CLANG_WARN_INT_CONVERSION = YES;
				CLANG_WARN_OBJC_ROOT_CLASS = YES_ERROR;
				CLANG_WARN__DUPLICATE_METHOD_MATCH = YES;
				COPY_PHASE_STRIP = NO;
				DSTROOT = /tmp/SVGiOS.dst;
				FRAMEWORK_SEARCH_PATHS = (
					"$(inherited)",
					"$(DEVELOPER_FRAMEWORKS_DIR)",
				);
				GCC_DYNAMIC_NO_PIC = NO;
				GCC_PRECOMPILE_PREFIX_HEADER = YES;
				GCC_PREFIX_HEADER = "SVGiOS/SVGiOS-Prefix.pch";
				GCC_PREPROCESSOR_DEFINITIONS = (
					"DEBUG=1",
					"$(inherited)",
				);
				GCC_SYMBOLS_PRIVATE_EXTERN = NO;
				GCC_WARN_64_TO_32_BIT_CONVERSION = YES;
				GCC_WARN_ABOUT_RETURN_TYPE = YES_ERROR;
				GCC_WARN_UNDECLARED_SELECTOR = YES;
				GCC_WARN_UNINITIALIZED_AUTOS = YES;
				GCC_WARN_UNUSED_FUNCTION = YES;
				IPHONEOS_DEPLOYMENT_TARGET = 7.0;
				OTHER_LDFLAGS = "-ObjC";
				PRODUCT_NAME = "$(TARGET_NAME)";
				SDKROOT = iphoneos;
				SKIP_INSTALL = YES;
			};
			name = Debug;
		};
		0B982EF718270D0700D4FD76 /* Release */ = {
			isa = XCBuildConfiguration;
			buildSettings = {
				ALWAYS_SEARCH_USER_PATHS = NO;
				ARCHS = "$(ARCHS_STANDARD_INCLUDING_64_BIT)";
				CLANG_CXX_LANGUAGE_STANDARD = "gnu++0x";
				CLANG_CXX_LIBRARY = "libc++";
				CLANG_ENABLE_MODULES = YES;
				CLANG_ENABLE_OBJC_ARC = YES;
				CLANG_WARN_BOOL_CONVERSION = YES;
				CLANG_WARN_CONSTANT_CONVERSION = YES;
				CLANG_WARN_DIRECT_OBJC_ISA_USAGE = YES_ERROR;
				CLANG_WARN_EMPTY_BODY = YES;
				CLANG_WARN_ENUM_CONVERSION = YES;
				CLANG_WARN_INT_CONVERSION = YES;
				CLANG_WARN_OBJC_ROOT_CLASS = YES_ERROR;
				CLANG_WARN__DUPLICATE_METHOD_MATCH = YES;
				COPY_PHASE_STRIP = YES;
				DSTROOT = /tmp/SVGiOS.dst;
				ENABLE_NS_ASSERTIONS = NO;
				FRAMEWORK_SEARCH_PATHS = (
					"$(inherited)",
					"$(DEVELOPER_FRAMEWORKS_DIR)",
				);
				GCC_PRECOMPILE_PREFIX_HEADER = YES;
				GCC_PREFIX_HEADER = "SVGiOS/SVGiOS-Prefix.pch";
				GCC_WARN_64_TO_32_BIT_CONVERSION = YES;
				GCC_WARN_ABOUT_RETURN_TYPE = YES_ERROR;
				GCC_WARN_UNDECLARED_SELECTOR = YES;
				GCC_WARN_UNINITIALIZED_AUTOS = YES;
				GCC_WARN_UNUSED_FUNCTION = YES;
				IPHONEOS_DEPLOYMENT_TARGET = 7.0;
				OTHER_LDFLAGS = "-ObjC";
				PRODUCT_NAME = "$(TARGET_NAME)";
				SDKROOT = iphoneos;
				SKIP_INSTALL = YES;
				VALIDATE_PRODUCT = YES;
			};
			name = Release;
		};
		0B982F3718272EA800D4FD76 /* Debug */ = {
			isa = XCBuildConfiguration;
			buildSettings = {
				ALWAYS_SEARCH_USER_PATHS = NO;
				ARCHS = "$(ARCHS_STANDARD_INCLUDING_64_BIT)";
				CLANG_CXX_LANGUAGE_STANDARD = "gnu++0x";
				CLANG_CXX_LIBRARY = "libc++";
				CLANG_ENABLE_MODULES = YES;
				CLANG_ENABLE_OBJC_ARC = YES;
				CLANG_WARN_BOOL_CONVERSION = YES;
				CLANG_WARN_CONSTANT_CONVERSION = YES;
				CLANG_WARN_DIRECT_OBJC_ISA_USAGE = YES_ERROR;
				CLANG_WARN_EMPTY_BODY = YES;
				CLANG_WARN_ENUM_CONVERSION = YES;
				CLANG_WARN_INT_CONVERSION = YES;
				CLANG_WARN_OBJC_ROOT_CLASS = YES_ERROR;
				CLANG_WARN__DUPLICATE_METHOD_MATCH = YES;
				COPY_PHASE_STRIP = NO;
				FRAMEWORK_SEARCH_PATHS = (
					"$(SDKROOT)/Developer/Library/Frameworks",
					"$(inherited)",
					"$(DEVELOPER_FRAMEWORKS_DIR)",
				);
				GCC_DYNAMIC_NO_PIC = NO;
				GCC_PRECOMPILE_PREFIX_HEADER = YES;
				GCC_PREFIX_HEADER = "SVGiOS Tests/SVGiOS Tests-Prefix.pch";
				GCC_PREPROCESSOR_DEFINITIONS = (
					"DEBUG=1",
					"$(inherited)",
				);
				GCC_SYMBOLS_PRIVATE_EXTERN = NO;
				GCC_WARN_64_TO_32_BIT_CONVERSION = YES;
				GCC_WARN_ABOUT_RETURN_TYPE = YES_ERROR;
				GCC_WARN_UNDECLARED_SELECTOR = YES;
				GCC_WARN_UNINITIALIZED_AUTOS = YES;
				GCC_WARN_UNUSED_FUNCTION = YES;
				INFOPLIST_FILE = "SVGiOS Tests/SVGiOS Tests-Info.plist";
				IPHONEOS_DEPLOYMENT_TARGET = 7.0;
				PRODUCT_NAME = "$(TARGET_NAME)";
				SDKROOT = iphoneos;
				WRAPPER_EXTENSION = xctest;
			};
			name = Debug;
		};
		0B982F3818272EA800D4FD76 /* Release */ = {
			isa = XCBuildConfiguration;
			buildSettings = {
				ALWAYS_SEARCH_USER_PATHS = NO;
				ARCHS = "$(ARCHS_STANDARD_INCLUDING_64_BIT)";
				CLANG_CXX_LANGUAGE_STANDARD = "gnu++0x";
				CLANG_CXX_LIBRARY = "libc++";
				CLANG_ENABLE_MODULES = YES;
				CLANG_ENABLE_OBJC_ARC = YES;
				CLANG_WARN_BOOL_CONVERSION = YES;
				CLANG_WARN_CONSTANT_CONVERSION = YES;
				CLANG_WARN_DIRECT_OBJC_ISA_USAGE = YES_ERROR;
				CLANG_WARN_EMPTY_BODY = YES;
				CLANG_WARN_ENUM_CONVERSION = YES;
				CLANG_WARN_INT_CONVERSION = YES;
				CLANG_WARN_OBJC_ROOT_CLASS = YES_ERROR;
				CLANG_WARN__DUPLICATE_METHOD_MATCH = YES;
				COPY_PHASE_STRIP = YES;
				ENABLE_NS_ASSERTIONS = NO;
				FRAMEWORK_SEARCH_PATHS = (
					"$(SDKROOT)/Developer/Library/Frameworks",
					"$(inherited)",
					"$(DEVELOPER_FRAMEWORKS_DIR)",
				);
				GCC_PRECOMPILE_PREFIX_HEADER = YES;
				GCC_PREFIX_HEADER = "SVGiOS Tests/SVGiOS Tests-Prefix.pch";
				GCC_WARN_64_TO_32_BIT_CONVERSION = YES;
				GCC_WARN_ABOUT_RETURN_TYPE = YES_ERROR;
				GCC_WARN_UNDECLARED_SELECTOR = YES;
				GCC_WARN_UNINITIALIZED_AUTOS = YES;
				GCC_WARN_UNUSED_FUNCTION = YES;
				INFOPLIST_FILE = "SVGiOS Tests/SVGiOS Tests-Info.plist";
				IPHONEOS_DEPLOYMENT_TARGET = 7.0;
				PRODUCT_NAME = "$(TARGET_NAME)";
				SDKROOT = iphoneos;
				VALIDATE_PRODUCT = YES;
				WRAPPER_EXTENSION = xctest;
			};
			name = Release;
		};
		C05733CC08A9546B00998B17 /* Debug */ = {
			isa = XCBuildConfiguration;
			buildSettings = {
				ARCHS = "$(ARCHS_STANDARD_32_64_BIT)";
				GCC_C_LANGUAGE_STANDARD = gnu99;
				GCC_OPTIMIZATION_LEVEL = 0;
				GCC_WARN_ABOUT_RETURN_TYPE = YES;
				GCC_WARN_UNUSED_VARIABLE = YES;
				ONLY_ACTIVE_ARCH = YES;
				PREBINDING = NO;
				SDKROOT = macosx10.6;
			};
			name = Debug;
		};
		C05733CD08A9546B00998B17 /* Release */ = {
			isa = XCBuildConfiguration;
			buildSettings = {
				ARCHS = "$(ARCHS_STANDARD_32_64_BIT)";
				GCC_C_LANGUAGE_STANDARD = gnu99;
				GCC_WARN_ABOUT_RETURN_TYPE = YES;
				GCC_WARN_UNUSED_VARIABLE = YES;
				PREBINDING = NO;
				SDKROOT = macosx10.6;
			};
			name = Release;
		};
/* End XCBuildConfiguration section */

/* Begin XCConfigurationList section */
		0B982EF518270D0700D4FD76 /* Build configuration list for PBXNativeTarget "SVGiOS" */ = {
			isa = XCConfigurationList;
			buildConfigurations = (
				0B982EF618270D0700D4FD76 /* Debug */,
				0B982EF718270D0700D4FD76 /* Release */,
			);
			defaultConfigurationIsVisible = 0;
		};
		0B982F3618272EA800D4FD76 /* Build configuration list for PBXNativeTarget "SVGiOS Tests" */ = {
			isa = XCConfigurationList;
			buildConfigurations = (
				0B982F3718272EA800D4FD76 /* Debug */,
				0B982F3818272EA800D4FD76 /* Release */,
			);
			defaultConfigurationIsVisible = 0;
		};
		C05733CB08A9546B00998B17 /* Build configuration list for PBXProject "SVGiOS" */ = {
			isa = XCConfigurationList;
			buildConfigurations = (
				C05733CC08A9546B00998B17 /* Debug */,
				C05733CD08A9546B00998B17 /* Release */,
			);
			defaultConfigurationIsVisible = 0;
			defaultConfigurationName = Release;
		};
/* End XCConfigurationList section */
	};
	rootObject = 2A37F4A9FDCFA73011CA2CEA /* Project object */;
}
